
Microsoft Visual Studio Solution File, Format Version 12.00
# Visual Studio Version 16
VisualStudioVersion = 16.0.29009.5
MinimumVisualStudioVersion = 10.0.40219.1
Project("{9A19103F-16F7-4668-BE54-9A1E7A4F7556}") = "PopupCrashExample", "PopupCrashExample\PopupCrashExample.csproj", "{BD1882C6-0030-4D63-AD8B-323697C7D016}"
EndProject
Project("{2150E333-8FDC-42A3-9474-1A3956D46DE8}") = "Solution Items", "Solution Items", "{5602EA2F-4F16-4FD6-BFB0-49A66C8BEBD9}"
	ProjectSection(SolutionItems) = preProject
		.gitignore = .gitignore
	EndProjectSection
EndProject
Global
	GlobalSection(SolutionConfigurationPlatforms) = preSolution
		Debug|Any CPU = Debug|Any CPU
		Release|Any CPU = Release|Any CPU
	EndGlobalSection
	GlobalSection(ProjectConfigurationPlatforms) = postSolution
		{BD1882C6-0030-4D63-AD8B-323697C7D016}.Debug|Any CPU.ActiveCfg = Debug|Any CPU
		{BD1882C6-0030-4D63-AD8B-323697C7D016}.Debug|Any CPU.Build.0 = Debug|Any CPU
		{BD1882C6-0030-4D63-AD8B-323697C7D016}.Release|Any CPU.ActiveCfg = Release|Any CPU
		{BD1882C6-0030-4D63-AD8B-323697C7D016}.Release|Any CPU.Build.0 = Release|Any CPU
	EndGlobalSection
	GlobalSection(SolutionProperties) = preSolution
		HideSolutionNode = FALSE
	EndGlobalSection
	GlobalSection(ExtensibilityGlobals) = postSolution
		SolutionGuid = {F1C6D463-03D8-40EE-9F50-42DBB9976F89}
	EndGlobalSection
EndGlobal
